
Microsoft Visual Studio Solution File, Format Version 12.00
# Visual Studio Express 2013 for Web
VisualStudioVersion = 12.0.40629.0
MinimumVisualStudioVersion = 10.0.40219.1
Project("{FAE04EC0-301F-11D3-BF4B-00C04F79EFBC}") = "UsedCarStock", "UsedCarStock\UsedCarStock.csproj", "{7472128E-9945-4982-89FD-F592E653A7A7}"
EndProject
Project("{FAE04EC0-301F-11D3-BF4B-00C04F79EFBC}") = "UsedCarStockAPI", "UsedCarStockAPI\UsedCarStockAPI.csproj", "{BEC08336-D319-4121-9E35-6CBEEB2D803E}"
EndProject
Project("{FAE04EC0-301F-11D3-BF4B-00C04F79EFBC}") = "UsedCarEntities", "UsedCarEntities\UsedCarEntities.csproj", "{D65F45B2-1701-46FD-931F-4F1CC5F70E94}"
EndProject
EndProject
Project("{FAE04EC0-301F-11D3-BF4B-00C04F79EFBC}") = "UsedCarDAL", "UsedCarRepository\UsedCarDAL.csproj", "{2A840E04-3D7E-493A-96A0-E870C89BDA63}"
EndProject
Project("{FAE04EC0-301F-11D3-BF4B-00C04F79EFBC}") = "UsedCarElasticSearchAPI", "UsedCarElasticSearchAPI\UsedCarElasticSearchAPI.csproj", "{02D83095-A970-4049-B476-C23BFCB2CFB7}"
EndProject
Project("{FAE04EC0-301F-11D3-BF4B-00C04F79EFBC}") = "ElasticSearchDAL", "ElasticSearchDAL\ElasticSearchDAL.csproj", "{48F02D62-01E3-4B6C-94CD-499C9E492ABD}"
EndProject
Project("{FAE04EC0-301F-11D3-BF4B-00C04F79EFBC}") = "UsedCarBL", "UsedCarBL\UsedCarBL.csproj", "{29758F2D-5BF0-4B30-83FC-401A589994F6}"
EndProject
Project("{2150E333-8FDC-42A3-9474-1A3956D46DE8}") = "cars", "cars", "{95FFE2C1-9685-4A4C-B94C-D4028C5B8B73}"
EndProject
Global
	GlobalSection(SolutionConfigurationPlatforms) = preSolution
		Debug|Any CPU = Debug|Any CPU
		Release|Any CPU = Release|Any CPU
	EndGlobalSection
	GlobalSection(ProjectConfigurationPlatforms) = postSolution
		{7472128E-9945-4982-89FD-F592E653A7A7}.Debug|Any CPU.ActiveCfg = Debug|Any CPU
		{7472128E-9945-4982-89FD-F592E653A7A7}.Debug|Any CPU.Build.0 = Debug|Any CPU
		{7472128E-9945-4982-89FD-F592E653A7A7}.Release|Any CPU.ActiveCfg = Release|Any CPU
		{7472128E-9945-4982-89FD-F592E653A7A7}.Release|Any CPU.Build.0 = Release|Any CPU
		{BEC08336-D319-4121-9E35-6CBEEB2D803E}.Debug|Any CPU.ActiveCfg = Debug|Any CPU
		{BEC08336-D319-4121-9E35-6CBEEB2D803E}.Debug|Any CPU.Build.0 = Debug|Any CPU
		{BEC08336-D319-4121-9E35-6CBEEB2D803E}.Release|Any CPU.ActiveCfg = Release|Any CPU
		{BEC08336-D319-4121-9E35-6CBEEB2D803E}.Release|Any CPU.Build.0 = Release|Any CPU
		{D65F45B2-1701-46FD-931F-4F1CC5F70E94}.Debug|Any CPU.ActiveCfg = Debug|Any CPU
		{D65F45B2-1701-46FD-931F-4F1CC5F70E94}.Debug|Any CPU.Build.0 = Debug|Any CPU
		{D65F45B2-1701-46FD-931F-4F1CC5F70E94}.Release|Any CPU.ActiveCfg = Release|Any CPU
		{D65F45B2-1701-46FD-931F-4F1CC5F70E94}.Release|Any CPU.Build.0 = Release|Any CPU
		{55B3155A-6586-4D23-A1E2-C9C0EB2DCD7C}.Debug|Any CPU.ActiveCfg = Debug|Any CPU
		{55B3155A-6586-4D23-A1E2-C9C0EB2DCD7C}.Debug|Any CPU.Build.0 = Debug|Any CPU
		{55B3155A-6586-4D23-A1E2-C9C0EB2DCD7C}.Release|Any CPU.ActiveCfg = Release|Any CPU
		{55B3155A-6586-4D23-A1E2-C9C0EB2DCD7C}.Release|Any CPU.Build.0 = Release|Any CPU
		{2A840E04-3D7E-493A-96A0-E870C89BDA63}.Debug|Any CPU.ActiveCfg = Debug|Any CPU
		{2A840E04-3D7E-493A-96A0-E870C89BDA63}.Debug|Any CPU.Build.0 = Debug|Any CPU
		{2A840E04-3D7E-493A-96A0-E870C89BDA63}.Release|Any CPU.ActiveCfg = Release|Any CPU
		{2A840E04-3D7E-493A-96A0-E870C89BDA63}.Release|Any CPU.Build.0 = Release|Any CPU
		{02D83095-A970-4049-B476-C23BFCB2CFB7}.Debug|Any CPU.ActiveCfg = Debug|Any CPU
		{02D83095-A970-4049-B476-C23BFCB2CFB7}.Debug|Any CPU.Build.0 = Debug|Any CPU
		{02D83095-A970-4049-B476-C23BFCB2CFB7}.Release|Any CPU.ActiveCfg = Release|Any CPU
		{02D83095-A970-4049-B476-C23BFCB2CFB7}.Release|Any CPU.Build.0 = Release|Any CPU
		{48F02D62-01E3-4B6C-94CD-499C9E492ABD}.Debug|Any CPU.ActiveCfg = Debug|Any CPU
		{48F02D62-01E3-4B6C-94CD-499C9E492ABD}.Debug|Any CPU.Build.0 = Debug|Any CPU
		{48F02D62-01E3-4B6C-94CD-499C9E492ABD}.Release|Any CPU.ActiveCfg = Release|Any CPU
		{48F02D62-01E3-4B6C-94CD-499C9E492ABD}.Release|Any CPU.Build.0 = Release|Any CPU
		{29758F2D-5BF0-4B30-83FC-401A589994F6}.Debug|Any CPU.ActiveCfg = Debug|Any CPU
		{29758F2D-5BF0-4B30-83FC-401A589994F6}.Debug|Any CPU.Build.0 = Debug|Any CPU
		{29758F2D-5BF0-4B30-83FC-401A589994F6}.Release|Any CPU.ActiveCfg = Release|Any CPU
		{29758F2D-5BF0-4B30-83FC-401A589994F6}.Release|Any CPU.Build.0 = Release|Any CPU
	EndGlobalSection
	GlobalSection(SolutionProperties) = preSolution
		HideSolutionNode = FALSE
	EndGlobalSection
EndGlobal
